// !$*UTF8*$!
{
	archiveVersion = 1;
	classes = {
	};
	objectVersion = 56;
	objects = {

/* Begin PBXBuildFile section */
		E132D2FF2A2468CE00739B16 /* AuditTableViewCell.swift in Sources */ = {isa = PBXBuildFile; fileRef = E132D2FE2A2468CE00739B16 /* AuditTableViewCell.swift */; };
		E132D3012A2468EB00739B16 /* WriteTableViewCell.swift in Sources */ = {isa = PBXBuildFile; fileRef = E132D3002A2468EB00739B16 /* WriteTableViewCell.swift */; };
		E167523D2A20AA67008189DD /* AppDelegate.swift in Sources */ = {isa = PBXBuildFile; fileRef = E167523C2A20AA67008189DD /* AppDelegate.swift */; };
		E167523F2A20AA67008189DD /* SceneDelegate.swift in Sources */ = {isa = PBXBuildFile; fileRef = E167523E2A20AA67008189DD /* SceneDelegate.swift */; };
		E16752442A20AA67008189DD /* Main.storyboard in Resources */ = {isa = PBXBuildFile; fileRef = E16752422A20AA67008189DD /* Main.storyboard */; };
		E16752462A20AA67008189DD /* Assets.xcassets in Resources */ = {isa = PBXBuildFile; fileRef = E16752452A20AA67008189DD /* Assets.xcassets */; };
		E16752492A20AA67008189DD /* LaunchScreen.storyboard in Resources */ = {isa = PBXBuildFile; fileRef = E16752472A20AA67008189DD /* LaunchScreen.storyboard */; };
		E16752512A219898008189DD /* WriteTableViewController.swift in Sources */ = {isa = PBXBuildFile; fileRef = E16752502A219898008189DD /* WriteTableViewController.swift */; };
		E16752532A2198F2008189DD /* AuditTableViewController.swift in Sources */ = {isa = PBXBuildFile; fileRef = E16752522A2198F2008189DD /* AuditTableViewController.swift */; };
		E16752592A219ACC008189DD /* Item.swift in Sources */ = {isa = PBXBuildFile; fileRef = E16752582A219ACC008189DD /* Item.swift */; };
/* End PBXBuildFile section */

/* Begin PBXFileReference section */
		E132D2FE2A2468CE00739B16 /* AuditTableViewCell.swift */ = {isa = PBXFileReference; lastKnownFileType = sourcecode.swift; path = AuditTableViewCell.swift; sourceTree = "<group>"; };
		E132D3002A2468EB00739B16 /* WriteTableViewCell.swift */ = {isa = PBXFileReference; lastKnownFileType = sourcecode.swift; path = WriteTableViewCell.swift; sourceTree = "<group>"; };
		E16752392A20AA67008189DD /* audit.app */ = {isa = PBXFileReference; explicitFileType = wrapper.application; includeInIndex = 0; path = audit.app; sourceTree = BUILT_PRODUCTS_DIR; };
		E167523C2A20AA67008189DD /* AppDelegate.swift */ = {isa = PBXFileReference; lastKnownFileType = sourcecode.swift; path = AppDelegate.swift; sourceTree = "<group>"; };
		E167523E2A20AA67008189DD /* SceneDelegate.swift */ = {isa = PBXFileReference; lastKnownFileType = sourcecode.swift; path = SceneDelegate.swift; sourceTree = "<group>"; };
		E16752432A20AA67008189DD /* Base */ = {isa = PBXFileReference; lastKnownFileType = file.storyboard; name = Base; path = Base.lproj/Main.storyboard; sourceTree = "<group>"; };
		E16752452A20AA67008189DD /* Assets.xcassets */ = {isa = PBXFileReference; lastKnownFileType = folder.assetcatalog; path = Assets.xcassets; sourceTree = "<group>"; };
		E16752482A20AA67008189DD /* Base */ = {isa = PBXFileReference; lastKnownFileType = file.storyboard; name = Base; path = Base.lproj/LaunchScreen.storyboard; sourceTree = "<group>"; };
		E167524A2A20AA67008189DD /* Info.plist */ = {isa = PBXFileReference; lastKnownFileType = text.plist.xml; path = Info.plist; sourceTree = "<group>"; };
		E16752502A219898008189DD /* WriteTableViewController.swift */ = {isa = PBXFileReference; lastKnownFileType = sourcecode.swift; path = WriteTableViewController.swift; sourceTree = "<group>"; };
		E16752522A2198F2008189DD /* AuditTableViewController.swift */ = {isa = PBXFileReference; lastKnownFileType = sourcecode.swift; path = AuditTableViewController.swift; sourceTree = "<group>"; };
		E16752582A219ACC008189DD /* Item.swift */ = {isa = PBXFileReference; lastKnownFileType = sourcecode.swift; path = Item.swift; sourceTree = "<group>"; };
/* End PBXFileReference section */

/* Begin PBXFrameworksBuildPhase section */
		E16752362A20AA67008189DD /* Frameworks */ = {
			isa = PBXFrameworksBuildPhase;
			buildActionMask = 2147483647;
			files = (
			);
			runOnlyForDeploymentPostprocessing = 0;
		};
/* End PBXFrameworksBuildPhase section */

/* Begin PBXGroup section */
		E16752302A20AA67008189DD = {
			isa = PBXGroup;
			children = (
				E167523B2A20AA67008189DD /* audit */,
				E167523A2A20AA67008189DD /* Products */,
			);
			sourceTree = "<group>";
		};
		E167523A2A20AA67008189DD /* Products */ = {
			isa = PBXGroup;
			children = (
				E16752392A20AA67008189DD /* audit.app */,
			);
			name = Products;
			sourceTree = "<group>";
		};
		E167523B2A20AA67008189DD /* audit */ = {
			isa = PBXGroup;
			children = (
				E167523C2A20AA67008189DD /* AppDelegate.swift */,
				E167523E2A20AA67008189DD /* SceneDelegate.swift */,
				E16752422A20AA67008189DD /* Main.storyboard */,
				E1ECFB7D2A2EFE1800B25311 /* Model */,
				E1ECFB7F2A2EFE8800B25311 /* View */,
				E1ECFB7E2A2EFE2C00B25311 /* Controller */,
				E16752452A20AA67008189DD /* Assets.xcassets */,
				E16752472A20AA67008189DD /* LaunchScreen.storyboard */,
				E167524A2A20AA67008189DD /* Info.plist */,
			);
			path = audit;
			sourceTree = "<group>";
		};
		E1ECFB7D2A2EFE1800B25311 /* Model */ = {
			isa = PBXGroup;
			children = (
				E16752582A219ACC008189DD /* Item.swift */,
			);
			path = Model;
			sourceTree = "<group>";
		};
		E1ECFB7E2A2EFE2C00B25311 /* Controller */ = {
			isa = PBXGroup;
			children = (
				E16752522A2198F2008189DD /* AuditTableViewController.swift */,
				E16752502A219898008189DD /* WriteTableViewController.swift */,
			);
			path = Controller;
			sourceTree = "<group>";
		};
		E1ECFB7F2A2EFE8800B25311 /* View */ = {
			isa = PBXGroup;
			children = (
				E132D3002A2468EB00739B16 /* WriteTableViewCell.swift */,
				E132D2FE2A2468CE00739B16 /* AuditTableViewCell.swift */,
			);
			path = View;
			sourceTree = "<group>";
		};
/* End PBXGroup section */

/* Begin PBXNativeTarget section */
		E16752382A20AA67008189DD /* audit */ = {
			isa = PBXNativeTarget;
			buildConfigurationList = E167524D2A20AA67008189DD /* Build configuration list for PBXNativeTarget "audit" */;
			buildPhases = (
				E16752352A20AA67008189DD /* Sources */,
				E16752362A20AA67008189DD /* Frameworks */,
				E16752372A20AA67008189DD /* Resources */,
			);
			buildRules = (
			);
			dependencies = (
			);
			name = audit;
			productName = audit;
			productReference = E16752392A20AA67008189DD /* audit.app */;
			productType = "com.apple.product-type.application";
		};
/* End PBXNativeTarget section */

/* Begin PBXProject section */
		E16752312A20AA67008189DD /* Project object */ = {
			isa = PBXProject;
			attributes = {
				BuildIndependentTargetsInParallel = 1;
				LastSwiftUpdateCheck = 1430;
				LastUpgradeCheck = 1430;
				TargetAttributes = {
					E16752382A20AA67008189DD = {
						CreatedOnToolsVersion = 14.3;
					};
				};
			};
			buildConfigurationList = E16752342A20AA67008189DD /* Build configuration list for PBXProject "audit" */;
			compatibilityVersion = "Xcode 14.0";
			developmentRegion = en;
			hasScannedForEncodings = 0;
			knownRegions = (
				en,
				Base,
			);
			mainGroup = E16752302A20AA67008189DD;
			productRefGroup = E167523A2A20AA67008189DD /* Products */;
			projectDirPath = "";
			projectRoot = "";
			targets = (
				E16752382A20AA67008189DD /* audit */,
			);
		};
/* End PBXProject section */

/* Begin PBXResourcesBuildPhase section */
		E16752372A20AA67008189DD /* Resources */ = {
			isa = PBXResourcesBuildPhase;
			buildActionMask = 2147483647;
			files = (
				E16752492A20AA67008189DD /* LaunchScreen.storyboard in Resources */,
				E16752462A20AA67008189DD /* Assets.xcassets in Resources */,
				E16752442A20AA67008189DD /* Main.storyboard in Resources */,
			);
			runOnlyForDeploymentPostprocessing = 0;
		};
/* End PBXResourcesBuildPhase section */

/* Begin PBXSourcesBuildPhase section */
		E16752352A20AA67008189DD /* Sources */ = {
			isa = PBXSourcesBuildPhase;
			buildActionMask = 2147483647;
			files = (
				E167523D2A20AA67008189DD /* AppDelegate.swift in Sources */,
				E167523F2A20AA67008189DD /* SceneDelegate.swift in Sources */,
				E16752592A219ACC008189DD /* Item.swift in Sources */,
				E132D3012A2468EB00739B16 /* WriteTableViewCell.swift in Sources */,
				E16752512A219898008189DD /* WriteTableViewController.swift in Sources */,
				E16752532A2198F2008189DD /* AuditTableViewController.swift in Sources */,
				E132D2FF2A2468CE00739B16 /* AuditTableViewCell.swift in Sources */,
			);
			runOnlyForDeploymentPostprocessing = 0;
		};
/* End PBXSourcesBuildPhase section */

/* Begin PBXVariantGroup section */
		E16752422A20AA67008189DD /* Main.storyboard */ = {
			isa = PBXVariantGroup;
			children = (
				E16752432A20AA67008189DD /* Base */,
			);
			name = Main.storyboard;
			sourceTree = "<group>";
		};
		E16752472A20AA67008189DD /* LaunchScreen.storyboard */ = {
			isa = PBXVariantGroup;
			children = (
				E16752482A20AA67008189DD /* Base */,
			);
			name = LaunchScreen.storyboard;
			sourceTree = "<group>";
		};
/* End PBXVariantGroup section */

/* Begin XCBuildConfiguration section */
		E167524B2A20AA67008189DD /* Debug */ = {
			isa = XCBuildConfiguration;
			buildSettings = {
				ALWAYS_SEARCH_USER_PATHS = NO;
				CLANG_ANALYZER_NONNULL = YES;
				CLANG_ANALYZER_NUMBER_OBJECT_CONVERSION = YES_AGGRESSIVE;
				CLANG_CXX_LANGUAGE_STANDARD = "gnu++20";
				CLANG_ENABLE_MODULES = YES;
				CLANG_ENABLE_OBJC_ARC = YES;
				CLANG_ENABLE_OBJC_WEAK = YES;
				CLANG_WARN_BLOCK_CAPTURE_AUTORELEASING = YES;
				CLANG_WARN_BOOL_CONVERSION = YES;
				CLANG_WARN_COMMA = YES;
				CLANG_WARN_CONSTANT_CONVERSION = YES;
				CLANG_WARN_DEPRECATED_OBJC_IMPLEMENTATIONS = YES;
				CLANG_WARN_DIRECT_OBJC_ISA_USAGE = YES_ERROR;
				CLANG_WARN_DOCUMENTATION_COMMENTS = YES;
				CLANG_WARN_EMPTY_BODY = YES;
				CLANG_WARN_ENUM_CONVERSION = YES;
				CLANG_WARN_INFINITE_RECURSION = YES;
				CLANG_WARN_INT_CONVERSION = YES;
				CLANG_WARN_NON_LITERAL_NULL_CONVERSION = YES;
				CLANG_WARN_OBJC_IMPLICIT_RETAIN_SELF = YES;
				CLANG_WARN_OBJC_LITERAL_CONVERSION = YES;
				CLANG_WARN_OBJC_ROOT_CLASS = YES_ERROR;
				CLANG_WARN_QUOTED_INCLUDE_IN_FRAMEWORK_HEADER = YES;
				CLANG_WARN_RANGE_LOOP_ANALYSIS = YES;
				CLANG_WARN_STRICT_PROTOTYPES = YES;
				CLANG_WARN_SUSPICIOUS_MOVE = YES;
				CLANG_WARN_UNGUARDED_AVAILABILITY = YES_AGGRESSIVE;
				CLANG_WARN_UNREACHABLE_CODE = YES;
				CLANG_WARN__DUPLICATE_METHOD_MATCH = YES;
				COPY_PHASE_STRIP = NO;
				DEBUG_INFORMATION_FORMAT = dwarf;
				ENABLE_STRICT_OBJC_MSGSEND = YES;
				ENABLE_TESTABILITY = YES;
				GCC_C_LANGUAGE_STANDARD = gnu11;
				GCC_DYNAMIC_NO_PIC = NO;
				GCC_NO_COMMON_BLOCKS = YES;
				GCC_OPTIMIZATION_LEVEL = 0;
				GCC_PREPROCESSOR_DEFINITIONS = (
					"DEBUG=1",
					"$(inherited)",
				);
				GCC_WARN_64_TO_32_BIT_CONVERSION = YES;
				GCC_WARN_ABOUT_RETURN_TYPE = YES_ERROR;
				GCC_WARN_UNDECLARED_SELECTOR = YES;
				GCC_WARN_UNINITIALIZED_AUTOS = YES_AGGRESSIVE;
				GCC_WARN_UNUSED_FUNCTION = YES;
				GCC_WARN_UNUSED_VARIABLE = YES;
				IPHONEOS_DEPLOYMENT_TARGET = 16.4;
				MTL_ENABLE_DEBUG_INFO = INCLUDE_SOURCE;
				MTL_FAST_MATH = YES;
				ONLY_ACTIVE_ARCH = YES;
				SDKROOT = iphoneos;
				SWIFT_ACTIVE_COMPILATION_CONDITIONS = DEBUG;
				SWIFT_OPTIMIZATION_LEVEL = "-Onone";
			};
			name = Debug;
		};
		E167524C2A20AA67008189DD /* Release */ = {
			isa = XCBuildConfiguration;
			buildSettings = {
				ALWAYS_SEARCH_USER_PATHS = NO;
				CLANG_ANALYZER_NONNULL = YES;
				CLANG_ANALYZER_NUMBER_OBJECT_CONVERSION = YES_AGGRESSIVE;
				CLANG_CXX_LANGUAGE_STANDARD = "gnu++20";
				CLANG_ENABLE_MODULES = YES;
				CLANG_ENABLE_OBJC_ARC = YES;
				CLANG_ENABLE_OBJC_WEAK = YES;
				CLANG_WARN_BLOCK_CAPTURE_AUTORELEASING = YES;
				CLANG_WARN_BOOL_CONVERSION = YES;
				CLANG_WARN_COMMA = YES;
				CLANG_WARN_CONSTANT_CONVERSION = YES;
				CLANG_WARN_DEPRECATED_OBJC_IMPLEMENTATIONS = YES;
				CLANG_WARN_DIRECT_OBJC_ISA_USAGE = YES_ERROR;
				CLANG_WARN_DOCUMENTATION_COMMENTS = YES;
				CLANG_WARN_EMPTY_BODY = YES;
				CLANG_WARN_ENUM_CONVERSION = YES;
				CLANG_WARN_INFINITE_RECURSION = YES;
				CLANG_WARN_INT_CONVERSION = YES;
				CLANG_WARN_NON_LITERAL_NULL_CONVERSION = YES;
				CLANG_WARN_OBJC_IMPLICIT_RETAIN_SELF = YES;
				CLANG_WARN_OBJC_LITERAL_CONVERSION = YES;
				CLANG_WARN_OBJC_ROOT_CLASS = YES_ERROR;
				CLANG_WARN_QUOTED_INCLUDE_IN_FRAMEWORK_HEADER = YES;
				CLANG_WARN_RANGE_LOOP_ANALYSIS = YES;
				CLANG_WARN_STRICT_PROTOTYPES = YES;
				CLANG_WARN_SUSPICIOUS_MOVE = YES;
				CLANG_WARN_UNGUARDED_AVAILABILITY = YES_AGGRESSIVE;
				CLANG_WARN_UNREACHABLE_CODE = YES;
				CLANG_WARN__DUPLICATE_METHOD_MATCH = YES;
				COPY_PHASE_STRIP = NO;
				DEBUG_INFORMATION_FORMAT = "dwarf-with-dsym";
				ENABLE_NS_ASSERTIONS = NO;
				ENABLE_STRICT_OBJC_MSGSEND = YES;
				GCC_C_LANGUAGE_STANDARD = gnu11;
				GCC_NO_COMMON_BLOCKS = YES;
				GCC_WARN_64_TO_32_BIT_CONVERSION = YES;
				GCC_WARN_ABOUT_RETURN_TYPE = YES_ERROR;
				GCC_WARN_UNDECLARED_SELECTOR = YES;
				GCC_WARN_UNINITIALIZED_AUTOS = YES_AGGRESSIVE;
				GCC_WARN_UNUSED_FUNCTION = YES;
				GCC_WARN_UNUSED_VARIABLE = YES;
				IPHONEOS_DEPLOYMENT_TARGET = 16.4;
				MTL_ENABLE_DEBUG_INFO = NO;
				MTL_FAST_MATH = YES;
				SDKROOT = iphoneos;
				SWIFT_COMPILATION_MODE = wholemodule;
				SWIFT_OPTIMIZATION_LEVEL = "-O";
				VALIDATE_PRODUCT = YES;
			};
			name = Release;
		};
		E167524E2A20AA67008189DD /* Debug */ = {
			isa = XCBuildConfiguration;
			buildSettings = {
				ASSETCATALOG_COMPILER_APPICON_NAME = AppIcon;
				ASSETCATALOG_COMPILER_GLOBAL_ACCENT_COLOR_NAME = AccentColor;
				CODE_SIGN_STYLE = Automatic;
				CURRENT_PROJECT_VERSION = 1;
				DEVELOPMENT_TEAM = 9APJ4LMH7V;
				GENERATE_INFOPLIST_FILE = YES;
				INFOPLIST_FILE = audit/Info.plist;
				INFOPLIST_KEY_UIApplicationSupportsIndirectInputEvents = YES;
				INFOPLIST_KEY_UILaunchStoryboardName = LaunchScreen;
				INFOPLIST_KEY_UIMainStoryboardFile = Main;
				INFOPLIST_KEY_UISupportedInterfaceOrientations_iPad = "UIInterfaceOrientationPortrait UIInterfaceOrientationPortraitUpsideDown UIInterfaceOrientationLandscapeLeft UIInterfaceOrientationLandscapeRight";
				INFOPLIST_KEY_UISupportedInterfaceOrientations_iPhone = "UIInterfaceOrientationPortrait UIInterfaceOrientationLandscapeLeft UIInterfaceOrientationLandscapeRight";
				LD_RUNPATH_SEARCH_PATHS = (
					"$(inherited)",
					"@executable_path/Frameworks",
				);
				MARKETING_VERSION = 1.0;
				PRODUCT_BUNDLE_IDENTIFIER = robert.audit;
				PRODUCT_NAME = "$(TARGET_NAME)";
				SWIFT_EMIT_LOC_STRINGS = YES;
				SWIFT_VERSION = 5.0;
				TARGETED_DEVICE_FAMILY = "1,2";
			};
			name = Debug;
		};
		E167524F2A20AA67008189DD /* Release */ = {
			isa = XCBuildConfiguration;
			buildSettings = {
				ASSETCATALOG_COMPILER_APPICON_NAME = AppIcon;
				ASSETCATALOG_COMPILER_GLOBAL_ACCENT_COLOR_NAME = AccentColor;
				CODE_SIGN_STYLE = Automatic;
				CURRENT_PROJECT_VERSION = 1;
				DEVELOPMENT_TEAM = 9APJ4LMH7V;
				GENERATE_INFOPLIST_FILE = YES;
				INFOPLIST_FILE = audit/Info.plist;
				INFOPLIST_KEY_UIApplicationSupportsIndirectInputEvents = YES;
				INFOPLIST_KEY_UILaunchStoryboardName = LaunchScreen;
				INFOPLIST_KEY_UIMainStoryboardFile = Main;
				INFOPLIST_KEY_UISupportedInterfaceOrientations_iPad = "UIInterfaceOrientationPortrait UIInterfaceOrientationPortraitUpsideDown UIInterfaceOrientationLandscapeLeft UIInterfaceOrientationLandscapeRight";
				INFOPLIST_KEY_UISupportedInterfaceOrientations_iPhone = "UIInterfaceOrientationPortrait UIInterfaceOrientationLandscapeLeft UIInterfaceOrientationLandscapeRight";
				LD_RUNPATH_SEARCH_PATHS = (
					"$(inherited)",
					"@executable_path/Frameworks",
				);
				MARKETING_VERSION = 1.0;
				PRODUCT_BUNDLE_IDENTIFIER = robert.audit;
				PRODUCT_NAME = "$(TARGET_NAME)";
				SWIFT_EMIT_LOC_STRINGS = YES;
				SWIFT_VERSION = 5.0;
				TARGETED_DEVICE_FAMILY = "1,2";
			};
			name = Release;
		};
/* End XCBuildConfiguration section */

/* Begin XCConfigurationList section */
		E16752342A20AA67008189DD /* Build configuration list for PBXProject "audit" */ = {
			isa = XCConfigurationList;
			buildConfigurations = (
				E167524B2A20AA67008189DD /* Debug */,
				E167524C2A20AA67008189DD /* Release */,
			);
			defaultConfigurationIsVisible = 0;
			defaultConfigurationName = Release;
		};
		E167524D2A20AA67008189DD /* Build configuration list for PBXNativeTarget "audit" */ = {
			isa = XCConfigurationList;
			buildConfigurations = (
				E167524E2A20AA67008189DD /* Debug */,
				E167524F2A20AA67008189DD /* Release */,
			);
			defaultConfigurationIsVisible = 0;
			defaultConfigurationName = Release;
		};
/* End XCConfigurationList section */
	};
	rootObject = E16752312A20AA67008189DD /* Project object */;
}
